
Microsoft Visual Studio Solution File, Format Version 12.00
# Visual Studio Version 16
VisualStudioVersion = 16.0.30413.136
MinimumVisualStudioVersion = 10.0.40219.1
Project("{2150E333-8FDC-42A3-9474-1A3956D46DE8}") = "src", "src", "{2E624E5D-AD47-483F-928C-BA1B33F53740}"
EndProject
Project("{2150E333-8FDC-42A3-9474-1A3956D46DE8}") = "Building Blocks", "Building Blocks", "{7F7913E1-3FDD-40AA-BD7F-7B39EDE0C168}"
EndProject
Project("{2150E333-8FDC-42A3-9474-1A3956D46DE8}") = "Services", "Services", "{B74BBE40-764D-4086-88D9-9A3D3F9D8017}"
EndProject
Project("{2150E333-8FDC-42A3-9474-1A3956D46DE8}") = "Web", "Web", "{17083048-CB32-4455-BD99-32248721AD56}"
EndProject
Project("{2150E333-8FDC-42A3-9474-1A3956D46DE8}") = "Identidade", "Identidade", "{7C7A3D9D-E47D-4FEB-870B-FF05674CBDBE}"
EndProject
Project("{FAE04EC0-301F-11D3-BF4B-00C04F79EFBC}") = "NSE.Identidade.API", "src\services\NSE.Identidade.API\NSE.Identidade.API.csproj", "{5C1996D8-04F6-47BE-8C81-CF18C82C8886}"
EndProject
Project("{2150E333-8FDC-42A3-9474-1A3956D46DE8}") = "MVC", "MVC", "{54D07C33-CE56-4CB9-87A4-836E3DB12826}"
EndProject
Project("{FAE04EC0-301F-11D3-BF4B-00C04F79EFBC}") = "NSE.WebApp.MVC", "src\web\NSE.WebApp.MVC\NSE.WebApp.MVC.csproj", "{CA94D3FE-6BAD-4662-AFE8-BBE26576EBFC}"
EndProject
Project("{2150E333-8FDC-42A3-9474-1A3956D46DE8}") = "Core", "Core", "{5F5293E4-2A98-4626-9646-5F4916778B35}"
EndProject
Project("{FAE04EC0-301F-11D3-BF4B-00C04F79EFBC}") = "NSE.Core", "src\building blocks\NSE.Core\NSE.Core.csproj", "{2F5A05FD-A027-439D-BA4A-88A9033E3211}"
EndProject
Project("{2150E333-8FDC-42A3-9474-1A3956D46DE8}") = "Carrinho", "Carrinho", "{515C729F-6E4C-4286-B9A0-E82B5884020E}"
EndProject
Project("{FAE04EC0-301F-11D3-BF4B-00C04F79EFBC}") = "NSE.Carrinho.API", "src\services\NSE.Carrinho.API\NSE.Carrinho.API.csproj", "{5D303F1E-0DAF-42DF-9912-32EA0385D8DF}"
EndProject
Project("{2150E333-8FDC-42A3-9474-1A3956D46DE8}") = "Cliente", "Cliente", "{4D9A2D5E-A90E-4D25-9356-07234B12756B}"
EndProject
Project("{FAE04EC0-301F-11D3-BF4B-00C04F79EFBC}") = "NSE.Cliente.API", "src\services\NSE.Cliente.API\NSE.Cliente.API.csproj", "{DC8AAA49-F0B6-425C-93D6-264A605B1497}"
EndProject
Project("{2150E333-8FDC-42A3-9474-1A3956D46DE8}") = "Catalogo", "Catalogo", "{42F8A8EB-EB2C-45FA-8249-87AED0529CA2}"
EndProject
Project("{FAE04EC0-301F-11D3-BF4B-00C04F79EFBC}") = "NSE.Catalogo.API", "src\services\NSE.Catalogo.API\NSE.Catalogo.API.csproj", "{71A7B08C-AE62-4412-961C-C432875DB2FB}"
EndProject
Project("{2150E333-8FDC-42A3-9474-1A3956D46DE8}") = "Pagamento", "Pagamento", "{70375796-7E07-45B4-8035-7DE6AC29E17F}"
EndProject
Project("{FAE04EC0-301F-11D3-BF4B-00C04F79EFBC}") = "NSE.Pagamento.API", "src\services\NSE.Pagamento.API\NSE.Pagamento.API.csproj", "{D6BE6EE5-8ED4-4415-9736-4F8E69F55F6F}"
EndProject
Project("{2150E333-8FDC-42A3-9474-1A3956D46DE8}") = "Pedido", "Pedido", "{C4C7C54F-205E-48C3-9E6C-2A2BAC34B3DA}"
EndProject
Project("{FAE04EC0-301F-11D3-BF4B-00C04F79EFBC}") = "NSE.Pedido.API", "src\services\NSE.Pedido.API\NSE.Pedido.API.csproj", "{FE5B52C7-2056-4190-9F7F-BADF510E1BA9}"
EndProject
Global
	GlobalSection(SolutionConfigurationPlatforms) = preSolution
		Debug|Any CPU = Debug|Any CPU
		Release|Any CPU = Release|Any CPU
	EndGlobalSection
	GlobalSection(ProjectConfigurationPlatforms) = postSolution
		{5C1996D8-04F6-47BE-8C81-CF18C82C8886}.Debug|Any CPU.ActiveCfg = Debug|Any CPU
		{5C1996D8-04F6-47BE-8C81-CF18C82C8886}.Debug|Any CPU.Build.0 = Debug|Any CPU
		{5C1996D8-04F6-47BE-8C81-CF18C82C8886}.Release|Any CPU.ActiveCfg = Release|Any CPU
		{5C1996D8-04F6-47BE-8C81-CF18C82C8886}.Release|Any CPU.Build.0 = Release|Any CPU
		{CA94D3FE-6BAD-4662-AFE8-BBE26576EBFC}.Debug|Any CPU.ActiveCfg = Debug|Any CPU
		{CA94D3FE-6BAD-4662-AFE8-BBE26576EBFC}.Debug|Any CPU.Build.0 = Debug|Any CPU
		{CA94D3FE-6BAD-4662-AFE8-BBE26576EBFC}.Release|Any CPU.ActiveCfg = Release|Any CPU
		{CA94D3FE-6BAD-4662-AFE8-BBE26576EBFC}.Release|Any CPU.Build.0 = Release|Any CPU
		{2F5A05FD-A027-439D-BA4A-88A9033E3211}.Debug|Any CPU.ActiveCfg = Debug|Any CPU
		{2F5A05FD-A027-439D-BA4A-88A9033E3211}.Debug|Any CPU.Build.0 = Debug|Any CPU
		{2F5A05FD-A027-439D-BA4A-88A9033E3211}.Release|Any CPU.ActiveCfg = Release|Any CPU
		{2F5A05FD-A027-439D-BA4A-88A9033E3211}.Release|Any CPU.Build.0 = Release|Any CPU
		{5D303F1E-0DAF-42DF-9912-32EA0385D8DF}.Debug|Any CPU.ActiveCfg = Debug|Any CPU
		{5D303F1E-0DAF-42DF-9912-32EA0385D8DF}.Debug|Any CPU.Build.0 = Debug|Any CPU
		{5D303F1E-0DAF-42DF-9912-32EA0385D8DF}.Release|Any CPU.ActiveCfg = Release|Any CPU
		{5D303F1E-0DAF-42DF-9912-32EA0385D8DF}.Release|Any CPU.Build.0 = Release|Any CPU
		{DC8AAA49-F0B6-425C-93D6-264A605B1497}.Debug|Any CPU.ActiveCfg = Debug|Any CPU
		{DC8AAA49-F0B6-425C-93D6-264A605B1497}.Debug|Any CPU.Build.0 = Debug|Any CPU
		{DC8AAA49-F0B6-425C-93D6-264A605B1497}.Release|Any CPU.ActiveCfg = Release|Any CPU
		{DC8AAA49-F0B6-425C-93D6-264A605B1497}.Release|Any CPU.Build.0 = Release|Any CPU
		{71A7B08C-AE62-4412-961C-C432875DB2FB}.Debug|Any CPU.ActiveCfg = Debug|Any CPU
		{71A7B08C-AE62-4412-961C-C432875DB2FB}.Debug|Any CPU.Build.0 = Debug|Any CPU
		{71A7B08C-AE62-4412-961C-C432875DB2FB}.Release|Any CPU.ActiveCfg = Release|Any CPU
		{71A7B08C-AE62-4412-961C-C432875DB2FB}.Release|Any CPU.Build.0 = Release|Any CPU
		{D6BE6EE5-8ED4-4415-9736-4F8E69F55F6F}.Debug|Any CPU.ActiveCfg = Debug|Any CPU
		{D6BE6EE5-8ED4-4415-9736-4F8E69F55F6F}.Debug|Any CPU.Build.0 = Debug|Any CPU
		{D6BE6EE5-8ED4-4415-9736-4F8E69F55F6F}.Release|Any CPU.ActiveCfg = Release|Any CPU
		{D6BE6EE5-8ED4-4415-9736-4F8E69F55F6F}.Release|Any CPU.Build.0 = Release|Any CPU
		{FE5B52C7-2056-4190-9F7F-BADF510E1BA9}.Debug|Any CPU.ActiveCfg = Debug|Any CPU
		{FE5B52C7-2056-4190-9F7F-BADF510E1BA9}.Debug|Any CPU.Build.0 = Debug|Any CPU
		{FE5B52C7-2056-4190-9F7F-BADF510E1BA9}.Release|Any CPU.ActiveCfg = Release|Any CPU
		{FE5B52C7-2056-4190-9F7F-BADF510E1BA9}.Release|Any CPU.Build.0 = Release|Any CPU
	EndGlobalSection
	GlobalSection(SolutionProperties) = preSolution
		HideSolutionNode = FALSE
	EndGlobalSection
	GlobalSection(NestedProjects) = preSolution
		{7F7913E1-3FDD-40AA-BD7F-7B39EDE0C168} = {2E624E5D-AD47-483F-928C-BA1B33F53740}
		{B74BBE40-764D-4086-88D9-9A3D3F9D8017} = {2E624E5D-AD47-483F-928C-BA1B33F53740}
		{17083048-CB32-4455-BD99-32248721AD56} = {2E624E5D-AD47-483F-928C-BA1B33F53740}
		{7C7A3D9D-E47D-4FEB-870B-FF05674CBDBE} = {B74BBE40-764D-4086-88D9-9A3D3F9D8017}
		{5C1996D8-04F6-47BE-8C81-CF18C82C8886} = {7C7A3D9D-E47D-4FEB-870B-FF05674CBDBE}
		{54D07C33-CE56-4CB9-87A4-836E3DB12826} = {17083048-CB32-4455-BD99-32248721AD56}
		{CA94D3FE-6BAD-4662-AFE8-BBE26576EBFC} = {54D07C33-CE56-4CB9-87A4-836E3DB12826}
		{5F5293E4-2A98-4626-9646-5F4916778B35} = {7F7913E1-3FDD-40AA-BD7F-7B39EDE0C168}
		{2F5A05FD-A027-439D-BA4A-88A9033E3211} = {5F5293E4-2A98-4626-9646-5F4916778B35}
		{515C729F-6E4C-4286-B9A0-E82B5884020E} = {B74BBE40-764D-4086-88D9-9A3D3F9D8017}
		{5D303F1E-0DAF-42DF-9912-32EA0385D8DF} = {515C729F-6E4C-4286-B9A0-E82B5884020E}
		{4D9A2D5E-A90E-4D25-9356-07234B12756B} = {B74BBE40-764D-4086-88D9-9A3D3F9D8017}
		{DC8AAA49-F0B6-425C-93D6-264A605B1497} = {4D9A2D5E-A90E-4D25-9356-07234B12756B}
		{42F8A8EB-EB2C-45FA-8249-87AED0529CA2} = {B74BBE40-764D-4086-88D9-9A3D3F9D8017}
		{71A7B08C-AE62-4412-961C-C432875DB2FB} = {42F8A8EB-EB2C-45FA-8249-87AED0529CA2}
		{70375796-7E07-45B4-8035-7DE6AC29E17F} = {B74BBE40-764D-4086-88D9-9A3D3F9D8017}
		{D6BE6EE5-8ED4-4415-9736-4F8E69F55F6F} = {70375796-7E07-45B4-8035-7DE6AC29E17F}
		{C4C7C54F-205E-48C3-9E6C-2A2BAC34B3DA} = {B74BBE40-764D-4086-88D9-9A3D3F9D8017}
		{FE5B52C7-2056-4190-9F7F-BADF510E1BA9} = {C4C7C54F-205E-48C3-9E6C-2A2BAC34B3DA}
	EndGlobalSection
	GlobalSection(ExtensibilityGlobals) = postSolution
		SolutionGuid = {9EE2042C-766B-4612-B9DD-0674DF6A7DB9}
	EndGlobalSection
EndGlobal
